
Microsoft Visual Studio Solution File, Format Version 12.00
# Visual Studio Version 17
VisualStudioVersion = 17.5.33414.496
MinimumVisualStudioVersion = 10.0.40219.1
Project("{9A19103F-16F7-4668-BE54-9A1E7A4F7556}") = "DentalClinic", "DentalClinic\DentalClinic.csproj", "{B7259603-4522-460F-AE39-1A000CC28C49}"
EndProject
Global
	GlobalSection(SolutionConfigurationPlatforms) = preSolution
		Debug|Any CPU = Debug|Any CPU
		Release|Any CPU = Release|Any CPU
	EndGlobalSection
	GlobalSection(ProjectConfigurationPlatforms) = postSolution
		{B7259603-4522-460F-AE39-1A000CC28C49}.Debug|Any CPU.ActiveCfg = Debug|Any CPU
		{B7259603-4522-460F-AE39-1A000CC28C49}.Debug|Any CPU.Build.0 = Debug|Any CPU
		{B7259603-4522-460F-AE39-1A000CC28C49}.Release|Any CPU.ActiveCfg = Release|Any CPU
		{B7259603-4522-460F-AE39-1A000CC28C49}.Release|Any CPU.Build.0 = Release|Any CPU
	EndGlobalSection
	GlobalSection(SolutionProperties) = preSolution
		HideSolutionNode = FALSE
	EndGlobalSection
	GlobalSection(ExtensibilityGlobals) = postSolution
		SolutionGuid = {C1EC1373-810B-4956-9F3F-3F07ABCB2310}
	EndGlobalSection
EndGlobal
